// !$*UTF8*$!
{
	archiveVersion = 1;
	classes = {
	};
	objectVersion = 50;
	objects = {

/* Begin PBXBuildFile section */
		D193E17028A4466600EDC444 /* AppDelegate.swift in Sources */ = {isa = PBXBuildFile; fileRef = D193E16F28A4466600EDC444 /* AppDelegate.swift */; };
		D193E17228A4466600EDC444 /* SceneDelegate.swift in Sources */ = {isa = PBXBuildFile; fileRef = D193E17128A4466600EDC444 /* SceneDelegate.swift */; };
		D193E17628A4467000EDC444 /* Assets.xcassets in Resources */ = {isa = PBXBuildFile; fileRef = D193E17528A4467000EDC444 /* Assets.xcassets */; };
		D193E17928A4467000EDC444 /* Preview Assets.xcassets in Resources */ = {isa = PBXBuildFile; fileRef = D193E17828A4467000EDC444 /* Preview Assets.xcassets */; };
		D193E17C28A4467000EDC444 /* LaunchScreen.storyboard in Resources */ = {isa = PBXBuildFile; fileRef = D193E17A28A4467000EDC444 /* LaunchScreen.storyboard */; };
		D193E18728A4467100EDC444 /* ShowtimeLabTests.swift in Sources */ = {isa = PBXBuildFile; fileRef = D193E18628A4467100EDC444 /* ShowtimeLabTests.swift */; };
		D193E19228A4467100EDC444 /* ShowtimeLabUITests.swift in Sources */ = {isa = PBXBuildFile; fileRef = D193E19128A4467100EDC444 /* ShowtimeLabUITests.swift */; };
		D193E1A328A446BD00EDC444 /* HomeViewController.swift in Sources */ = {isa = PBXBuildFile; fileRef = D193E1A228A446BD00EDC444 /* HomeViewController.swift */; };
		D193E1AC28A4475100EDC444 /* HomeViewModel.swift in Sources */ = {isa = PBXBuildFile; fileRef = D193E1AB28A4475100EDC444 /* HomeViewModel.swift */; };
		D193E1B128A4475F00EDC444 /* HomeView.swift in Sources */ = {isa = PBXBuildFile; fileRef = D193E1B028A4475F00EDC444 /* HomeView.swift */; };
		D193E1BA28A44DBE00EDC444 /* Comic.swift in Sources */ = {isa = PBXBuildFile; fileRef = D193E1B928A44DBE00EDC444 /* Comic.swift */; };
		D193E1D728A486D300EDC444 /* WebUI.swift in Sources */ = {isa = PBXBuildFile; fileRef = D193E1D628A486D200EDC444 /* WebUI.swift */; };
		D193E1E728A4987000EDC444 /* README.md in Resources */ = {isa = PBXBuildFile; fileRef = D193E1E628A4987000EDC444 /* README.md */; };
/* End PBXBuildFile section */

/* Begin PBXContainerItemProxy section */
		D193E18328A4467100EDC444 /* PBXContainerItemProxy */ = {
			isa = PBXContainerItemProxy;
			containerPortal = D193E16428A4466600EDC444 /* Project object */;
			proxyType = 1;
			remoteGlobalIDString = D193E16B28A4466600EDC444;
			remoteInfo = ShowtimeLab;
		};
		D193E18E28A4467100EDC444 /* PBXContainerItemProxy */ = {
			isa = PBXContainerItemProxy;
			containerPortal = D193E16428A4466600EDC444 /* Project object */;
			proxyType = 1;
			remoteGlobalIDString = D193E16B28A4466600EDC444;
			remoteInfo = ShowtimeLab;
		};
/* End PBXContainerItemProxy section */

/* Begin PBXFileReference section */
		D193E16C28A4466600EDC444 /* ShowtimeLab.app */ = {isa = PBXFileReference; explicitFileType = wrapper.application; includeInIndex = 0; path = ShowtimeLab.app; sourceTree = BUILT_PRODUCTS_DIR; };
		D193E16F28A4466600EDC444 /* AppDelegate.swift */ = {isa = PBXFileReference; lastKnownFileType = sourcecode.swift; path = AppDelegate.swift; sourceTree = "<group>"; };
		D193E17128A4466600EDC444 /* SceneDelegate.swift */ = {isa = PBXFileReference; lastKnownFileType = sourcecode.swift; path = SceneDelegate.swift; sourceTree = "<group>"; };
		D193E17528A4467000EDC444 /* Assets.xcassets */ = {isa = PBXFileReference; lastKnownFileType = folder.assetcatalog; path = Assets.xcassets; sourceTree = "<group>"; };
		D193E17828A4467000EDC444 /* Preview Assets.xcassets */ = {isa = PBXFileReference; lastKnownFileType = folder.assetcatalog; path = "Preview Assets.xcassets"; sourceTree = "<group>"; };
		D193E17B28A4467000EDC444 /* Base */ = {isa = PBXFileReference; lastKnownFileType = file.storyboard; name = Base; path = Base.lproj/LaunchScreen.storyboard; sourceTree = "<group>"; };
		D193E17D28A4467000EDC444 /* Info.plist */ = {isa = PBXFileReference; lastKnownFileType = text.plist.xml; path = Info.plist; sourceTree = "<group>"; };
		D193E18228A4467100EDC444 /* ShowtimeLabTests.xctest */ = {isa = PBXFileReference; explicitFileType = wrapper.cfbundle; includeInIndex = 0; path = ShowtimeLabTests.xctest; sourceTree = BUILT_PRODUCTS_DIR; };
		D193E18628A4467100EDC444 /* ShowtimeLabTests.swift */ = {isa = PBXFileReference; lastKnownFileType = sourcecode.swift; path = ShowtimeLabTests.swift; sourceTree = "<group>"; };
		D193E18828A4467100EDC444 /* Info.plist */ = {isa = PBXFileReference; lastKnownFileType = text.plist.xml; path = Info.plist; sourceTree = "<group>"; };
		D193E18D28A4467100EDC444 /* ShowtimeLabUITests.xctest */ = {isa = PBXFileReference; explicitFileType = wrapper.cfbundle; includeInIndex = 0; path = ShowtimeLabUITests.xctest; sourceTree = BUILT_PRODUCTS_DIR; };
		D193E19128A4467100EDC444 /* ShowtimeLabUITests.swift */ = {isa = PBXFileReference; lastKnownFileType = sourcecode.swift; path = ShowtimeLabUITests.swift; sourceTree = "<group>"; };
		D193E19328A4467100EDC444 /* Info.plist */ = {isa = PBXFileReference; lastKnownFileType = text.plist.xml; path = Info.plist; sourceTree = "<group>"; };
		D193E1A228A446BD00EDC444 /* HomeViewController.swift */ = {isa = PBXFileReference; lastKnownFileType = sourcecode.swift; path = HomeViewController.swift; sourceTree = "<group>"; };
		D193E1AB28A4475100EDC444 /* HomeViewModel.swift */ = {isa = PBXFileReference; lastKnownFileType = sourcecode.swift; path = HomeViewModel.swift; sourceTree = "<group>"; };
		D193E1B028A4475F00EDC444 /* HomeView.swift */ = {isa = PBXFileReference; lastKnownFileType = sourcecode.swift; path = HomeView.swift; sourceTree = "<group>"; };
		D193E1B928A44DBE00EDC444 /* Comic.swift */ = {isa = PBXFileReference; lastKnownFileType = sourcecode.swift; path = Comic.swift; sourceTree = "<group>"; };
		D193E1D628A486D200EDC444 /* WebUI.swift */ = {isa = PBXFileReference; lastKnownFileType = sourcecode.swift; path = WebUI.swift; sourceTree = "<group>"; };
		D193E1E628A4987000EDC444 /* README.md */ = {isa = PBXFileReference; fileEncoding = 4; lastKnownFileType = net.daringfireball.markdown; path = README.md; sourceTree = "<group>"; };
/* End PBXFileReference section */

/* Begin PBXFrameworksBuildPhase section */
		D193E16928A4466600EDC444 /* Frameworks */ = {
			isa = PBXFrameworksBuildPhase;
			buildActionMask = 2147483647;
			files = (
			);
			runOnlyForDeploymentPostprocessing = 0;
		};
		D193E17F28A4467100EDC444 /* Frameworks */ = {
			isa = PBXFrameworksBuildPhase;
			buildActionMask = 2147483647;
			files = (
			);
			runOnlyForDeploymentPostprocessing = 0;
		};
		D193E18A28A4467100EDC444 /* Frameworks */ = {
			isa = PBXFrameworksBuildPhase;
			buildActionMask = 2147483647;
			files = (
			);
			runOnlyForDeploymentPostprocessing = 0;
		};
/* End PBXFrameworksBuildPhase section */

/* Begin PBXGroup section */
		D193E16328A4466600EDC444 = {
			isa = PBXGroup;
			children = (
				D193E1E628A4987000EDC444 /* README.md */,
				D193E16E28A4466600EDC444 /* ShowtimeLab */,
				D193E18528A4467100EDC444 /* ShowtimeLabTests */,
				D193E19028A4467100EDC444 /* ShowtimeLabUITests */,
				D193E16D28A4466600EDC444 /* Products */,
			);
			sourceTree = "<group>";
		};
		D193E16D28A4466600EDC444 /* Products */ = {
			isa = PBXGroup;
			children = (
				D193E16C28A4466600EDC444 /* ShowtimeLab.app */,
				D193E18228A4467100EDC444 /* ShowtimeLabTests.xctest */,
				D193E18D28A4467100EDC444 /* ShowtimeLabUITests.xctest */,
			);
			name = Products;
			sourceTree = "<group>";
		};
		D193E16E28A4466600EDC444 /* ShowtimeLab */ = {
			isa = PBXGroup;
			children = (
				D193E16F28A4466600EDC444 /* AppDelegate.swift */,
				D193E17128A4466600EDC444 /* SceneDelegate.swift */,
				D193E1A728A446D400EDC444 /* Home */,
				D193E1B828A44D5800EDC444 /* Model */,
				D193E1C328A4618300EDC444 /* Utility */,
				D193E17528A4467000EDC444 /* Assets.xcassets */,
				D193E17A28A4467000EDC444 /* LaunchScreen.storyboard */,
				D193E17D28A4467000EDC444 /* Info.plist */,
				D193E17728A4467000EDC444 /* Preview Content */,
			);
			path = ShowtimeLab;
			sourceTree = "<group>";
		};
		D193E17728A4467000EDC444 /* Preview Content */ = {
			isa = PBXGroup;
			children = (
				D193E17828A4467000EDC444 /* Preview Assets.xcassets */,
			);
			path = "Preview Content";
			sourceTree = "<group>";
		};
		D193E18528A4467100EDC444 /* ShowtimeLabTests */ = {
			isa = PBXGroup;
			children = (
				D193E18628A4467100EDC444 /* ShowtimeLabTests.swift */,
				D193E18828A4467100EDC444 /* Info.plist */,
			);
			path = ShowtimeLabTests;
			sourceTree = "<group>";
		};
		D193E19028A4467100EDC444 /* ShowtimeLabUITests */ = {
			isa = PBXGroup;
			children = (
				D193E19128A4467100EDC444 /* ShowtimeLabUITests.swift */,
				D193E19328A4467100EDC444 /* Info.plist */,
			);
			path = ShowtimeLabUITests;
			sourceTree = "<group>";
		};
		D193E1A728A446D400EDC444 /* Home */ = {
			isa = PBXGroup;
			children = (
				D193E1A228A446BD00EDC444 /* HomeViewController.swift */,
				D193E1AB28A4475100EDC444 /* HomeViewModel.swift */,
				D193E1B028A4475F00EDC444 /* HomeView.swift */,
			);
			path = Home;
			sourceTree = "<group>";
		};
		D193E1B828A44D5800EDC444 /* Model */ = {
			isa = PBXGroup;
			children = (
				D193E1B928A44DBE00EDC444 /* Comic.swift */,
			);
			path = Model;
			sourceTree = "<group>";
		};
		D193E1C328A4618300EDC444 /* Utility */ = {
			isa = PBXGroup;
			children = (
				D193E1D628A486D200EDC444 /* WebUI.swift */,
			);
			path = Utility;
			sourceTree = "<group>";
		};
/* End PBXGroup section */

/* Begin PBXNativeTarget section */
		D193E16B28A4466600EDC444 /* ShowtimeLab */ = {
			isa = PBXNativeTarget;
			buildConfigurationList = D193E19628A4467100EDC444 /* Build configuration list for PBXNativeTarget "ShowtimeLab" */;
			buildPhases = (
				D193E16828A4466600EDC444 /* Sources */,
				D193E16928A4466600EDC444 /* Frameworks */,
				D193E16A28A4466600EDC444 /* Resources */,
			);
			buildRules = (
			);
			dependencies = (
			);
			name = ShowtimeLab;
			productName = ShowtimeLab;
			productReference = D193E16C28A4466600EDC444 /* ShowtimeLab.app */;
			productType = "com.apple.product-type.application";
		};
		D193E18128A4467100EDC444 /* ShowtimeLabTests */ = {
			isa = PBXNativeTarget;
			buildConfigurationList = D193E19928A4467100EDC444 /* Build configuration list for PBXNativeTarget "ShowtimeLabTests" */;
			buildPhases = (
				D193E17E28A4467100EDC444 /* Sources */,
				D193E17F28A4467100EDC444 /* Frameworks */,
				D193E18028A4467100EDC444 /* Resources */,
			);
			buildRules = (
			);
			dependencies = (
				D193E18428A4467100EDC444 /* PBXTargetDependency */,
			);
			name = ShowtimeLabTests;
			productName = ShowtimeLabTests;
			productReference = D193E18228A4467100EDC444 /* ShowtimeLabTests.xctest */;
			productType = "com.apple.product-type.bundle.unit-test";
		};
		D193E18C28A4467100EDC444 /* ShowtimeLabUITests */ = {
			isa = PBXNativeTarget;
			buildConfigurationList = D193E19C28A4467100EDC444 /* Build configuration list for PBXNativeTarget "ShowtimeLabUITests" */;
			buildPhases = (
				D193E18928A4467100EDC444 /* Sources */,
				D193E18A28A4467100EDC444 /* Frameworks */,
				D193E18B28A4467100EDC444 /* Resources */,
			);
			buildRules = (
			);
			dependencies = (
				D193E18F28A4467100EDC444 /* PBXTargetDependency */,
			);
			name = ShowtimeLabUITests;
			productName = ShowtimeLabUITests;
			productReference = D193E18D28A4467100EDC444 /* ShowtimeLabUITests.xctest */;
			productType = "com.apple.product-type.bundle.ui-testing";
		};
/* End PBXNativeTarget section */

/* Begin PBXProject section */
		D193E16428A4466600EDC444 /* Project object */ = {
			isa = PBXProject;
			attributes = {
				LastSwiftUpdateCheck = 1240;
				LastUpgradeCheck = 1240;
				TargetAttributes = {
					D193E16B28A4466600EDC444 = {
						CreatedOnToolsVersion = 12.4;
					};
					D193E18128A4467100EDC444 = {
						CreatedOnToolsVersion = 12.4;
						TestTargetID = D193E16B28A4466600EDC444;
					};
					D193E18C28A4467100EDC444 = {
						CreatedOnToolsVersion = 12.4;
						TestTargetID = D193E16B28A4466600EDC444;
					};
				};
			};
			buildConfigurationList = D193E16728A4466600EDC444 /* Build configuration list for PBXProject "ShowtimeLab" */;
			compatibilityVersion = "Xcode 9.3";
			developmentRegion = en;
			hasScannedForEncodings = 0;
			knownRegions = (
				en,
				Base,
			);
			mainGroup = D193E16328A4466600EDC444;
			productRefGroup = D193E16D28A4466600EDC444 /* Products */;
			projectDirPath = "";
			projectRoot = "";
			targets = (
				D193E16B28A4466600EDC444 /* ShowtimeLab */,
				D193E18128A4467100EDC444 /* ShowtimeLabTests */,
				D193E18C28A4467100EDC444 /* ShowtimeLabUITests */,
			);
		};
/* End PBXProject section */

/* Begin PBXResourcesBuildPhase section */
		D193E16A28A4466600EDC444 /* Resources */ = {
			isa = PBXResourcesBuildPhase;
			buildActionMask = 2147483647;
			files = (
				D193E17C28A4467000EDC444 /* LaunchScreen.storyboard in Resources */,
				D193E17928A4467000EDC444 /* Preview Assets.xcassets in Resources */,
				D193E17628A4467000EDC444 /* Assets.xcassets in Resources */,
			);
			runOnlyForDeploymentPostprocessing = 0;
		};
		D193E18028A4467100EDC444 /* Resources */ = {
			isa = PBXResourcesBuildPhase;
			buildActionMask = 2147483647;
			files = (
				D193E1E728A4987000EDC444 /* README.md in Resources */,
			);
			runOnlyForDeploymentPostprocessing = 0;
		};
		D193E18B28A4467100EDC444 /* Resources */ = {
			isa = PBXResourcesBuildPhase;
			buildActionMask = 2147483647;
			files = (
			);
			runOnlyForDeploymentPostprocessing = 0;
		};
/* End PBXResourcesBuildPhase section */

/* Begin PBXSourcesBuildPhase section */
		D193E16828A4466600EDC444 /* Sources */ = {
			isa = PBXSourcesBuildPhase;
			buildActionMask = 2147483647;
			files = (
				D193E17028A4466600EDC444 /* AppDelegate.swift in Sources */,
				D193E1BA28A44DBE00EDC444 /* Comic.swift in Sources */,
				D193E1D728A486D300EDC444 /* WebUI.swift in Sources */,
				D193E17228A4466600EDC444 /* SceneDelegate.swift in Sources */,
				D193E1B128A4475F00EDC444 /* HomeView.swift in Sources */,
				D193E1AC28A4475100EDC444 /* HomeViewModel.swift in Sources */,
				D193E1A328A446BD00EDC444 /* HomeViewController.swift in Sources */,
			);
			runOnlyForDeploymentPostprocessing = 0;
		};
		D193E17E28A4467100EDC444 /* Sources */ = {
			isa = PBXSourcesBuildPhase;
			buildActionMask = 2147483647;
			files = (
				D193E18728A4467100EDC444 /* ShowtimeLabTests.swift in Sources */,
			);
			runOnlyForDeploymentPostprocessing = 0;
		};
		D193E18928A4467100EDC444 /* Sources */ = {
			isa = PBXSourcesBuildPhase;
			buildActionMask = 2147483647;
			files = (
				D193E19228A4467100EDC444 /* ShowtimeLabUITests.swift in Sources */,
			);
			runOnlyForDeploymentPostprocessing = 0;
		};
/* End PBXSourcesBuildPhase section */

/* Begin PBXTargetDependency section */
		D193E18428A4467100EDC444 /* PBXTargetDependency */ = {
			isa = PBXTargetDependency;
			target = D193E16B28A4466600EDC444 /* ShowtimeLab */;
			targetProxy = D193E18328A4467100EDC444 /* PBXContainerItemProxy */;
		};
		D193E18F28A4467100EDC444 /* PBXTargetDependency */ = {
			isa = PBXTargetDependency;
			target = D193E16B28A4466600EDC444 /* ShowtimeLab */;
			targetProxy = D193E18E28A4467100EDC444 /* PBXContainerItemProxy */;
		};
/* End PBXTargetDependency section */

/* Begin PBXVariantGroup section */
		D193E17A28A4467000EDC444 /* LaunchScreen.storyboard */ = {
			isa = PBXVariantGroup;
			children = (
				D193E17B28A4467000EDC444 /* Base */,
			);
			name = LaunchScreen.storyboard;
			sourceTree = "<group>";
		};
/* End PBXVariantGroup section */

/* Begin XCBuildConfiguration section */
		D193E19428A4467100EDC444 /* Debug */ = {
			isa = XCBuildConfiguration;
			buildSettings = {
				ALWAYS_SEARCH_USER_PATHS = NO;
				CLANG_ANALYZER_NONNULL = YES;
				CLANG_ANALYZER_NUMBER_OBJECT_CONVERSION = YES_AGGRESSIVE;
				CLANG_CXX_LANGUAGE_STANDARD = "gnu++14";
				CLANG_CXX_LIBRARY = "libc++";
				CLANG_ENABLE_MODULES = YES;
				CLANG_ENABLE_OBJC_ARC = YES;
				CLANG_ENABLE_OBJC_WEAK = YES;
				CLANG_WARN_BLOCK_CAPTURE_AUTORELEASING = YES;
				CLANG_WARN_BOOL_CONVERSION = YES;
				CLANG_WARN_COMMA = YES;
				CLANG_WARN_CONSTANT_CONVERSION = YES;
				CLANG_WARN_DEPRECATED_OBJC_IMPLEMENTATIONS = YES;
				CLANG_WARN_DIRECT_OBJC_ISA_USAGE = YES_ERROR;
				CLANG_WARN_DOCUMENTATION_COMMENTS = YES;
				CLANG_WARN_EMPTY_BODY = YES;
				CLANG_WARN_ENUM_CONVERSION = YES;
				CLANG_WARN_INFINITE_RECURSION = YES;
				CLANG_WARN_INT_CONVERSION = YES;
				CLANG_WARN_NON_LITERAL_NULL_CONVERSION = YES;
				CLANG_WARN_OBJC_IMPLICIT_RETAIN_SELF = YES;
				CLANG_WARN_OBJC_LITERAL_CONVERSION = YES;
				CLANG_WARN_OBJC_ROOT_CLASS = YES_ERROR;
				CLANG_WARN_QUOTED_INCLUDE_IN_FRAMEWORK_HEADER = YES;
				CLANG_WARN_RANGE_LOOP_ANALYSIS = YES;
				CLANG_WARN_STRICT_PROTOTYPES = YES;
				CLANG_WARN_SUSPICIOUS_MOVE = YES;
				CLANG_WARN_UNGUARDED_AVAILABILITY = YES_AGGRESSIVE;
				CLANG_WARN_UNREACHABLE_CODE = YES;
				CLANG_WARN__DUPLICATE_METHOD_MATCH = YES;
				COPY_PHASE_STRIP = NO;
				DEBUG_INFORMATION_FORMAT = dwarf;
				ENABLE_STRICT_OBJC_MSGSEND = YES;
				ENABLE_TESTABILITY = YES;
				GCC_C_LANGUAGE_STANDARD = gnu11;
				GCC_DYNAMIC_NO_PIC = NO;
				GCC_NO_COMMON_BLOCKS = YES;
				GCC_OPTIMIZATION_LEVEL = 0;
				GCC_PREPROCESSOR_DEFINITIONS = (
					"DEBUG=1",
					"$(inherited)",
				);
				GCC_WARN_64_TO_32_BIT_CONVERSION = YES;
				GCC_WARN_ABOUT_RETURN_TYPE = YES_ERROR;
				GCC_WARN_UNDECLARED_SELECTOR = YES;
				GCC_WARN_UNINITIALIZED_AUTOS = YES_AGGRESSIVE;
				GCC_WARN_UNUSED_FUNCTION = YES;
				GCC_WARN_UNUSED_VARIABLE = YES;
				IPHONEOS_DEPLOYMENT_TARGET = 14.4;
				MTL_ENABLE_DEBUG_INFO = INCLUDE_SOURCE;
				MTL_FAST_MATH = YES;
				ONLY_ACTIVE_ARCH = YES;
				SDKROOT = iphoneos;
				SWIFT_ACTIVE_COMPILATION_CONDITIONS = DEBUG;
				SWIFT_OPTIMIZATION_LEVEL = "-Onone";
			};
			name = Debug;
		};
		D193E19528A4467100EDC444 /* Release */ = {
			isa = XCBuildConfiguration;
			buildSettings = {
				ALWAYS_SEARCH_USER_PATHS = NO;
				CLANG_ANALYZER_NONNULL = YES;
				CLANG_ANALYZER_NUMBER_OBJECT_CONVERSION = YES_AGGRESSIVE;
				CLANG_CXX_LANGUAGE_STANDARD = "gnu++14";
				CLANG_CXX_LIBRARY = "libc++";
				CLANG_ENABLE_MODULES = YES;
				CLANG_ENABLE_OBJC_ARC = YES;
				CLANG_ENABLE_OBJC_WEAK = YES;
				CLANG_WARN_BLOCK_CAPTURE_AUTORELEASING = YES;
				CLANG_WARN_BOOL_CONVERSION = YES;
				CLANG_WARN_COMMA = YES;
				CLANG_WARN_CONSTANT_CONVERSION = YES;
				CLANG_WARN_DEPRECATED_OBJC_IMPLEMENTATIONS = YES;
				CLANG_WARN_DIRECT_OBJC_ISA_USAGE = YES_ERROR;
				CLANG_WARN_DOCUMENTATION_COMMENTS = YES;
				CLANG_WARN_EMPTY_BODY = YES;
				CLANG_WARN_ENUM_CONVERSION = YES;
				CLANG_WARN_INFINITE_RECURSION = YES;
				CLANG_WARN_INT_CONVERSION = YES;
				CLANG_WARN_NON_LITERAL_NULL_CONVERSION = YES;
				CLANG_WARN_OBJC_IMPLICIT_RETAIN_SELF = YES;
				CLANG_WARN_OBJC_LITERAL_CONVERSION = YES;
				CLANG_WARN_OBJC_ROOT_CLASS = YES_ERROR;
				CLANG_WARN_QUOTED_INCLUDE_IN_FRAMEWORK_HEADER = YES;
				CLANG_WARN_RANGE_LOOP_ANALYSIS = YES;
				CLANG_WARN_STRICT_PROTOTYPES = YES;
				CLANG_WARN_SUSPICIOUS_MOVE = YES;
				CLANG_WARN_UNGUARDED_AVAILABILITY = YES_AGGRESSIVE;
				CLANG_WARN_UNREACHABLE_CODE = YES;
				CLANG_WARN__DUPLICATE_METHOD_MATCH = YES;
				COPY_PHASE_STRIP = NO;
				DEBUG_INFORMATION_FORMAT = "dwarf-with-dsym";
				ENABLE_NS_ASSERTIONS = NO;
				ENABLE_STRICT_OBJC_MSGSEND = YES;
				GCC_C_LANGUAGE_STANDARD = gnu11;
				GCC_NO_COMMON_BLOCKS = YES;
				GCC_WARN_64_TO_32_BIT_CONVERSION = YES;
				GCC_WARN_ABOUT_RETURN_TYPE = YES_ERROR;
				GCC_WARN_UNDECLARED_SELECTOR = YES;
				GCC_WARN_UNINITIALIZED_AUTOS = YES_AGGRESSIVE;
				GCC_WARN_UNUSED_FUNCTION = YES;
				GCC_WARN_UNUSED_VARIABLE = YES;
				IPHONEOS_DEPLOYMENT_TARGET = 14.4;
				MTL_ENABLE_DEBUG_INFO = NO;
				MTL_FAST_MATH = YES;
				SDKROOT = iphoneos;
				SWIFT_COMPILATION_MODE = wholemodule;
				SWIFT_OPTIMIZATION_LEVEL = "-O";
				VALIDATE_PRODUCT = YES;
			};
			name = Release;
		};
		D193E19728A4467100EDC444 /* Debug */ = {
			isa = XCBuildConfiguration;
			buildSettings = {
				ASSETCATALOG_COMPILER_APPICON_NAME = AppIcon;
				ASSETCATALOG_COMPILER_GLOBAL_ACCENT_COLOR_NAME = AccentColor;
				CODE_SIGN_STYLE = Automatic;
				DEVELOPMENT_ASSET_PATHS = "\"ShowtimeLab/Preview Content\"";
				DEVELOPMENT_TEAM = MX6EDE7QQU;
				ENABLE_PREVIEWS = YES;
				INFOPLIST_FILE = ShowtimeLab/Info.plist;
				LD_RUNPATH_SEARCH_PATHS = (
					"$(inherited)",
					"@executable_path/Frameworks",
				);
				PRODUCT_BUNDLE_IDENTIFIER = com.gigabit.ShowtimeLab;
				PRODUCT_NAME = "$(TARGET_NAME)";
				SWIFT_VERSION = 5.0;
				TARGETED_DEVICE_FAMILY = "1,2";
			};
			name = Debug;
		};
		D193E19828A4467100EDC444 /* Release */ = {
			isa = XCBuildConfiguration;
			buildSettings = {
				ASSETCATALOG_COMPILER_APPICON_NAME = AppIcon;
				ASSETCATALOG_COMPILER_GLOBAL_ACCENT_COLOR_NAME = AccentColor;
				CODE_SIGN_STYLE = Automatic;
				DEVELOPMENT_ASSET_PATHS = "\"ShowtimeLab/Preview Content\"";
				DEVELOPMENT_TEAM = MX6EDE7QQU;
				ENABLE_PREVIEWS = YES;
				INFOPLIST_FILE = ShowtimeLab/Info.plist;
				LD_RUNPATH_SEARCH_PATHS = (
					"$(inherited)",
					"@executable_path/Frameworks",
				);
				PRODUCT_BUNDLE_IDENTIFIER = com.gigabit.ShowtimeLab;
				PRODUCT_NAME = "$(TARGET_NAME)";
				SWIFT_VERSION = 5.0;
				TARGETED_DEVICE_FAMILY = "1,2";
			};
			name = Release;
		};
		D193E19A28A4467100EDC444 /* Debug */ = {
			isa = XCBuildConfiguration;
			buildSettings = {
				ALWAYS_EMBED_SWIFT_STANDARD_LIBRARIES = YES;
				BUNDLE_LOADER = "$(TEST_HOST)";
				CODE_SIGN_STYLE = Automatic;
				DEVELOPMENT_TEAM = MX6EDE7QQU;
				INFOPLIST_FILE = ShowtimeLabTests/Info.plist;
				IPHONEOS_DEPLOYMENT_TARGET = 14.4;
				LD_RUNPATH_SEARCH_PATHS = (
					"$(inherited)",
					"@executable_path/Frameworks",
					"@loader_path/Frameworks",
				);
				PRODUCT_BUNDLE_IDENTIFIER = com.gigabit.ShowtimeLabTests;
				PRODUCT_NAME = "$(TARGET_NAME)";
				SWIFT_VERSION = 5.0;
				TARGETED_DEVICE_FAMILY = "1,2";
				TEST_HOST = "$(BUILT_PRODUCTS_DIR)/ShowtimeLab.app/ShowtimeLab";
			};
			name = Debug;
		};
		D193E19B28A4467100EDC444 /* Release */ = {
			isa = XCBuildConfiguration;
			buildSettings = {
				ALWAYS_EMBED_SWIFT_STANDARD_LIBRARIES = YES;
				BUNDLE_LOADER = "$(TEST_HOST)";
				CODE_SIGN_STYLE = Automatic;
				DEVELOPMENT_TEAM = MX6EDE7QQU;
				INFOPLIST_FILE = ShowtimeLabTests/Info.plist;
				IPHONEOS_DEPLOYMENT_TARGET = 14.4;
				LD_RUNPATH_SEARCH_PATHS = (
					"$(inherited)",
					"@executable_path/Frameworks",
					"@loader_path/Frameworks",
				);
				PRODUCT_BUNDLE_IDENTIFIER = com.gigabit.ShowtimeLabTests;
				PRODUCT_NAME = "$(TARGET_NAME)";
				SWIFT_VERSION = 5.0;
				TARGETED_DEVICE_FAMILY = "1,2";
				TEST_HOST = "$(BUILT_PRODUCTS_DIR)/ShowtimeLab.app/ShowtimeLab";
			};
			name = Release;
		};
		D193E19D28A4467100EDC444 /* Debug */ = {
			isa = XCBuildConfiguration;
			buildSettings = {
				ALWAYS_EMBED_SWIFT_STANDARD_LIBRARIES = YES;
				CODE_SIGN_STYLE = Automatic;
				DEVELOPMENT_TEAM = MX6EDE7QQU;
				INFOPLIST_FILE = ShowtimeLabUITests/Info.plist;
				LD_RUNPATH_SEARCH_PATHS = (
					"$(inherited)",
					"@executable_path/Frameworks",
					"@loader_path/Frameworks",
				);
				PRODUCT_BUNDLE_IDENTIFIER = com.gigabit.ShowtimeLabUITests;
				PRODUCT_NAME = "$(TARGET_NAME)";
				SWIFT_VERSION = 5.0;
				TARGETED_DEVICE_FAMILY = "1,2";
				TEST_TARGET_NAME = ShowtimeLab;
			};
			name = Debug;
		};
		D193E19E28A4467100EDC444 /* Release */ = {
			isa = XCBuildConfiguration;
			buildSettings = {
				ALWAYS_EMBED_SWIFT_STANDARD_LIBRARIES = YES;
				CODE_SIGN_STYLE = Automatic;
				DEVELOPMENT_TEAM = MX6EDE7QQU;
				INFOPLIST_FILE = ShowtimeLabUITests/Info.plist;
				LD_RUNPATH_SEARCH_PATHS = (
					"$(inherited)",
					"@executable_path/Frameworks",
					"@loader_path/Frameworks",
				);
				PRODUCT_BUNDLE_IDENTIFIER = com.gigabit.ShowtimeLabUITests;
				PRODUCT_NAME = "$(TARGET_NAME)";
				SWIFT_VERSION = 5.0;
				TARGETED_DEVICE_FAMILY = "1,2";
				TEST_TARGET_NAME = ShowtimeLab;
			};
			name = Release;
		};
/* End XCBuildConfiguration section */

/* Begin XCConfigurationList section */
		D193E16728A4466600EDC444 /* Build configuration list for PBXProject "ShowtimeLab" */ = {
			isa = XCConfigurationList;
			buildConfigurations = (
				D193E19428A4467100EDC444 /* Debug */,
				D193E19528A4467100EDC444 /* Release */,
			);
			defaultConfigurationIsVisible = 0;
			defaultConfigurationName = Release;
		};
		D193E19628A4467100EDC444 /* Build configuration list for PBXNativeTarget "ShowtimeLab" */ = {
			isa = XCConfigurationList;
			buildConfigurations = (
				D193E19728A4467100EDC444 /* Debug */,
				D193E19828A4467100EDC444 /* Release */,
			);
			defaultConfigurationIsVisible = 0;
			defaultConfigurationName = Release;
		};
		D193E19928A4467100EDC444 /* Build configuration list for PBXNativeTarget "ShowtimeLabTests" */ = {
			isa = XCConfigurationList;
			buildConfigurations = (
				D193E19A28A4467100EDC444 /* Debug */,
				D193E19B28A4467100EDC444 /* Release */,
			);
			defaultConfigurationIsVisible = 0;
			defaultConfigurationName = Release;
		};
		D193E19C28A4467100EDC444 /* Build configuration list for PBXNativeTarget "ShowtimeLabUITests" */ = {
			isa = XCConfigurationList;
			buildConfigurations = (
				D193E19D28A4467100EDC444 /* Debug */,
				D193E19E28A4467100EDC444 /* Release */,
			);
			defaultConfigurationIsVisible = 0;
			defaultConfigurationName = Release;
		};
/* End XCConfigurationList section */
	};
	rootObject = D193E16428A4466600EDC444 /* Project object */;
}
